
Microsoft Visual Studio Solution File, Format Version 12.00
# Visual Studio Version 17
VisualStudioVersion = 17.0.32112.339
MinimumVisualStudioVersion = 10.0.40219.1
Project("{FAE04EC0-301F-11D3-BF4B-00C04F79EFBC}") = "BenWeek2Assignment", "BenWeek2Assignment.csproj", "{F01A28A6-4EC1-4B53-BF8C-8AE027249B1B}"
EndProject
Global
	GlobalSection(SolutionConfigurationPlatforms) = preSolution
		Debug|Any CPU = Debug|Any CPU
		Release|Any CPU = Release|Any CPU
	EndGlobalSection
	GlobalSection(ProjectConfigurationPlatforms) = postSolution
		{F01A28A6-4EC1-4B53-BF8C-8AE027249B1B}.Debug|Any CPU.ActiveCfg = Debug|Any CPU
		{F01A28A6-4EC1-4B53-BF8C-8AE027249B1B}.Debug|Any CPU.Build.0 = Debug|Any CPU
		{F01A28A6-4EC1-4B53-BF8C-8AE027249B1B}.Release|Any CPU.ActiveCfg = Release|Any CPU
		{F01A28A6-4EC1-4B53-BF8C-8AE027249B1B}.Release|Any CPU.Build.0 = Release|Any CPU
	EndGlobalSection
	GlobalSection(SolutionProperties) = preSolution
		HideSolutionNode = FALSE
	EndGlobalSection
	GlobalSection(ExtensibilityGlobals) = postSolution
		SolutionGuid = {AE95D5D2-FB1E-4521-AC00-7F4D11E1AD1E}
	EndGlobalSection
EndGlobal
